
Microsoft Visual Studio Solution File, Format Version 12.00
# Visual Studio Version 17
VisualStudioVersion = 17.10.35122.118
MinimumVisualStudioVersion = 10.0.40219.1
Project("{FAE04EC0-301F-11D3-BF4B-00C04F79EFBC}") = "MAUI.Mauiverter", "MAUI.Mauiverter.csproj", "{F04676F5-4AB6-4B73-93CD-5224D2EBE352}"
EndProject
Global
	GlobalSection(SolutionConfigurationPlatforms) = preSolution
		Debug|Any CPU = Debug|Any CPU
		Release|Any CPU = Release|Any CPU
	EndGlobalSection
	GlobalSection(ProjectConfigurationPlatforms) = postSolution
		{F04676F5-4AB6-4B73-93CD-5224D2EBE352}.Debug|Any CPU.ActiveCfg = Debug|Any CPU
		{F04676F5-4AB6-4B73-93CD-5224D2EBE352}.Debug|Any CPU.Build.0 = Debug|Any CPU
		{F04676F5-4AB6-4B73-93CD-5224D2EBE352}.Debug|Any CPU.Deploy.0 = Debug|Any CPU
		{F04676F5-4AB6-4B73-93CD-5224D2EBE352}.Release|Any CPU.ActiveCfg = Release|Any CPU
		{F04676F5-4AB6-4B73-93CD-5224D2EBE352}.Release|Any CPU.Build.0 = Release|Any CPU
		{F04676F5-4AB6-4B73-93CD-5224D2EBE352}.Release|Any CPU.Deploy.0 = Release|Any CPU
	EndGlobalSection
	GlobalSection(SolutionProperties) = preSolution
		HideSolutionNode = FALSE
	EndGlobalSection
	GlobalSection(ExtensibilityGlobals) = postSolution
		SolutionGuid = {3AA68C7F-B210-410C-933F-02B1E5B33C1C}
	EndGlobalSection
EndGlobal
